<?xml version="1.0" encoding="utf-8"?>
<Project ToolsVersion="4.0" xmlns="http://schemas.microsoft.com/developer/msbuild/2003">
  <ItemGroup>
    <Filter Include="Source Files">
      <UniqueIdentifier>{4FC737F1-C7A5-4376-A066-2A32D752A2FF}</UniqueIdentifier>
      <Extensions>cpp;c;cc;cxx;c++;cppm;ixx;def;odl;idl;hpj;bat;asm;asmx</Extensions>
    </Filter>
    <Filter Include="Resource Files">
      <UniqueIdentifier>{67DA6AB6-F800-4c08-8B7A-83BB121AAD01}</UniqueIdentifier>
      <Extensions>rc;ico;cur;bmp;dlg;rc2;rct;bin;rgs;gif;jpg;jpeg;jpe;resx;tiff;tif;png;wav;mfcribbon-ms</Extensions>
    </Filter>
    <Filter Include="Source Files\sqlite3">
      <UniqueIdentifier>{642be7ef-e0b4-494b-8b66-1a3cfbbef955}</UniqueIdentifier>
    </Filter>
    <Filter Include="Card">
      <UniqueIdentifier>{c168b97a-c4fc-4d75-967a-4fb5be1a8da1}</UniqueIdentifier>
    </Filter>
    <Filter Include="DB_API">
      <UniqueIdentifier>{a1a23bc2-1d32-4db3-85f5-3ecf94f6d546}</UniqueIdentifier>
    </Filter>
    <Filter Include="Header Files">
      <UniqueIdentifier>{93995380-89BD-4b04-88EB-625FBE52EBFB}</UniqueIdentifier>
      <Extensions>h;hh;hpp;hxx;h++;hm;inl;inc;ipp;xsd</Extensions>
    </Filter>
    <Filter Include="File">
      <UniqueIdentifier>{7605ecea-76c2-46a6-9e21-34f6df82b764}</UniqueIdentifier>
    </Filter>
  </ItemGroup>
  <ItemGroup>
    <ClInclude Include="Card.h">
      <Filter>Card</Filter>
    </ClInclude>
    <ClInclude Include="File.h">
      <Filter>File</Filter>
    </ClInclude>
    <ClInclude Include="DB_API.h">
      <Filter>DB_API</Filter>
    </ClInclude>
  </ItemGroup>
  <ItemGroup>
    <ClCompile Include="Dependencies\sqlite\sqlite3.c">
      <Filter>Source Files\sqlite3</Filter>
    </ClCompile>
    <ClCompile Include="Card.cpp">
      <Filter>Card</Filter>
    </ClCompile>
    <ClCompile Include="DB_API.cpp">
      <Filter>DB_API</Filter>
    </ClCompile>
  </ItemGroup>
</Project>